
Microsoft Visual Studio Solution File, Format Version 12.00
# Visual Studio 15
VisualStudioVersion = 15.0.26730.15
MinimumVisualStudioVersion = 10.0.40219.1
Project("{FAE04EC0-301F-11D3-BF4B-00C04F79EFBC}") = "NetCore2UI", "UI\NetCore2UI\NetCore2UI.csproj", "{CF9A0197-1617-47D5-B010-7FE091A34126}"
EndProject
Project("{FAE04EC0-301F-11D3-BF4B-00C04F79EFBC}") = "NetCore2BLL", "BLL\NetCore2BLL\NetCore2BLL.csproj", "{0FEF5589-9226-4867-9F32-3FAD1061FD2C}"
EndProject
Project("{FAE04EC0-301F-11D3-BF4B-00C04F79EFBC}") = "NetCore2DAL", "DAL\NetCore2DAL\NetCore2DAL.csproj", "{920AB47E-B659-45DA-A032-1926708642DB}"
EndProject
Project("{FAE04EC0-301F-11D3-BF4B-00C04F79EFBC}") = "NetCore2RestApi", "RestApi\NetCore2RestApi\NetCore2RestApi.csproj", "{B0E1119B-2CCB-46CD-8AEF-73B2E6828935}"
EndProject
Global
	GlobalSection(SolutionConfigurationPlatforms) = preSolution
		Debug|Any CPU = Debug|Any CPU
		Release|Any CPU = Release|Any CPU
	EndGlobalSection
	GlobalSection(ProjectConfigurationPlatforms) = postSolution
		{CF9A0197-1617-47D5-B010-7FE091A34126}.Debug|Any CPU.ActiveCfg = Debug|Any CPU
		{CF9A0197-1617-47D5-B010-7FE091A34126}.Debug|Any CPU.Build.0 = Debug|Any CPU
		{CF9A0197-1617-47D5-B010-7FE091A34126}.Release|Any CPU.ActiveCfg = Release|Any CPU
		{CF9A0197-1617-47D5-B010-7FE091A34126}.Release|Any CPU.Build.0 = Release|Any CPU
		{0FEF5589-9226-4867-9F32-3FAD1061FD2C}.Debug|Any CPU.ActiveCfg = Debug|Any CPU
		{0FEF5589-9226-4867-9F32-3FAD1061FD2C}.Debug|Any CPU.Build.0 = Debug|Any CPU
		{0FEF5589-9226-4867-9F32-3FAD1061FD2C}.Release|Any CPU.ActiveCfg = Release|Any CPU
		{0FEF5589-9226-4867-9F32-3FAD1061FD2C}.Release|Any CPU.Build.0 = Release|Any CPU
		{920AB47E-B659-45DA-A032-1926708642DB}.Debug|Any CPU.ActiveCfg = Debug|Any CPU
		{920AB47E-B659-45DA-A032-1926708642DB}.Debug|Any CPU.Build.0 = Debug|Any CPU
		{920AB47E-B659-45DA-A032-1926708642DB}.Release|Any CPU.ActiveCfg = Release|Any CPU
		{920AB47E-B659-45DA-A032-1926708642DB}.Release|Any CPU.Build.0 = Release|Any CPU
		{B0E1119B-2CCB-46CD-8AEF-73B2E6828935}.Debug|Any CPU.ActiveCfg = Debug|Any CPU
		{B0E1119B-2CCB-46CD-8AEF-73B2E6828935}.Debug|Any CPU.Build.0 = Debug|Any CPU
		{B0E1119B-2CCB-46CD-8AEF-73B2E6828935}.Release|Any CPU.ActiveCfg = Release|Any CPU
		{B0E1119B-2CCB-46CD-8AEF-73B2E6828935}.Release|Any CPU.Build.0 = Release|Any CPU
	EndGlobalSection
	GlobalSection(SolutionProperties) = preSolution
		HideSolutionNode = FALSE
	EndGlobalSection
	GlobalSection(ExtensibilityGlobals) = postSolution
		SolutionGuid = {C5991F54-E5BB-4CF1-AB95-CB6C3CF2DC76}
	EndGlobalSection
EndGlobal
